# This file is automatically @generated by Cargo.
# It is not intended for manual editing.
version = 3

[[package]]
name = "blend-srgb"
version = "0.1.1"
source = "registry+https://github.com/rust-lang/crates.io-index"
checksum = "b8a187f5213b0a15f4344b1850bf1bd1f5cbe98eaf61d9914406723a9a2e6426"

[[package]]
name = "coz"
version = "0.1.3"
source = "registry+https://github.com/rust-lang/crates.io-index"
checksum = "cef55b3fe2f5477d59e12bc792e8b3c95a25bd099eadcfae006ecea136de76e2"
dependencies = [
 "libc",
 "once_cell",
]

[[package]]
name = "either"
version = "1.6.1"
source = "registry+https://github.com/rust-lang/crates.io-index"
checksum = "e78d4f1cc4ae33bbfc157ed5d5a5ef3bc29227303d595861deb238fcec4e9457"

[[package]]
name = "imgref"
version = "1.9.2"
source = "registry+https://github.com/rust-lang/crates.io-index"
checksum = "7d6a8cd48d0dc604999b8beacfbfc2f4eb289a52af175029d4f79fb57b80c7d5"

[[package]]
name = "itertools"
version = "0.10.3"
source = "registry+https://github.com/rust-lang/crates.io-index"
checksum = "a9a9d19fa1e79b6215ff29b9d6880b706147f16e9b1dbb1e4e5947b5b02bc5e3"
dependencies = [
 "either",
]

[[package]]
name = "libc"
version = "0.2.126"
source = "registry+https://github.com/rust-lang/crates.io-index"
checksum = "349d5a591cd28b49e1d1037471617a32ddcda5731b99419008085f72d5a53836"

[[package]]
name = "once_cell"
version = "1.12.0"
source = "registry+https://github.com/rust-lang/crates.io-index"
checksum = "7709cef83f0c1f58f666e746a08b21e0085f7440fa6a29cc194d68aac97a4225"

[[package]]
name = "stackblur"
version = "0.1.0"
source = "git+https://github.com/LoganDark/stackblur?branch=larger-radius#3c8ae04e020e411cbbdbbb9e43e11c02a54d8e3e"
dependencies = [
 "itertools",
]

[[package]]
name = "stackblur-iter"
version = "0.1.1"
dependencies = [
 "blend-srgb",
 "coz",
 "imgref",
 "stackblur",
]
